
Microsoft Visual Studio Solution File, Format Version 12.00
# Visual Studio Version 16
VisualStudioVersion = 16.0.29911.84
MinimumVisualStudioVersion = 10.0.40219.1
Project("{9A19103F-16F7-4668-BE54-9A1E7A4F7556}") = "ToDoListMaterialDesign.Core", "ToDoListMaterialDesign.Core\ToDoListMaterialDesign.Core.csproj", "{5C43AC8A-8BCC-400F-B29D-183A57B6ACD1}"
EndProject
Project("{9A19103F-16F7-4668-BE54-9A1E7A4F7556}") = "ToDoListMaterialDesign.EntityFramework", "ToDoListMaterialDesign.EntityFramework\ToDoListMaterialDesign.EntityFramework.csproj", "{10347D09-2A51-4655-B1DB-76BE96D548D3}"
EndProject
Project("{9A19103F-16F7-4668-BE54-9A1E7A4F7556}") = "ToDoListMaterialDesign.Wpf", "ToDoListMaterialDesign.Wpf\ToDoListMaterialDesign.Wpf.csproj", "{4C47AA00-D59F-4AE3-91A9-15F3735387B5}"
EndProject
Global
	GlobalSection(SolutionConfigurationPlatforms) = preSolution
		Debug|Any CPU = Debug|Any CPU
		Release|Any CPU = Release|Any CPU
	EndGlobalSection
	GlobalSection(ProjectConfigurationPlatforms) = postSolution
		{5C43AC8A-8BCC-400F-B29D-183A57B6ACD1}.Debug|Any CPU.ActiveCfg = Debug|Any CPU
		{5C43AC8A-8BCC-400F-B29D-183A57B6ACD1}.Debug|Any CPU.Build.0 = Debug|Any CPU
		{5C43AC8A-8BCC-400F-B29D-183A57B6ACD1}.Release|Any CPU.ActiveCfg = Release|Any CPU
		{5C43AC8A-8BCC-400F-B29D-183A57B6ACD1}.Release|Any CPU.Build.0 = Release|Any CPU
		{10347D09-2A51-4655-B1DB-76BE96D548D3}.Debug|Any CPU.ActiveCfg = Debug|Any CPU
		{10347D09-2A51-4655-B1DB-76BE96D548D3}.Debug|Any CPU.Build.0 = Debug|Any CPU
		{10347D09-2A51-4655-B1DB-76BE96D548D3}.Release|Any CPU.ActiveCfg = Release|Any CPU
		{10347D09-2A51-4655-B1DB-76BE96D548D3}.Release|Any CPU.Build.0 = Release|Any CPU
		{4C47AA00-D59F-4AE3-91A9-15F3735387B5}.Debug|Any CPU.ActiveCfg = Debug|Any CPU
		{4C47AA00-D59F-4AE3-91A9-15F3735387B5}.Debug|Any CPU.Build.0 = Debug|Any CPU
		{4C47AA00-D59F-4AE3-91A9-15F3735387B5}.Release|Any CPU.ActiveCfg = Release|Any CPU
		{4C47AA00-D59F-4AE3-91A9-15F3735387B5}.Release|Any CPU.Build.0 = Release|Any CPU
	EndGlobalSection
	GlobalSection(SolutionProperties) = preSolution
		HideSolutionNode = FALSE
	EndGlobalSection
	GlobalSection(ExtensibilityGlobals) = postSolution
		SolutionGuid = {A375426C-79A0-403A-98DB-CC245F78328B}
	EndGlobalSection
EndGlobal
